
Microsoft Visual Studio Solution File, Format Version 12.00
# Visual Studio Version 16
VisualStudioVersion = 16.0.32228.343
MinimumVisualStudioVersion = 10.0.40219.1
Project("{FAE04EC0-301F-11D3-BF4B-00C04F79EFBC}") = "homework1c-sharp", "homework1c-sharp\homework1c-sharp.csproj", "{D410AC2B-AF8B-4420-99BE-15577F9E635C}"
EndProject
Global
	GlobalSection(SolutionConfigurationPlatforms) = preSolution
		Debug|Any CPU = Debug|Any CPU
		Release|Any CPU = Release|Any CPU
	EndGlobalSection
	GlobalSection(ProjectConfigurationPlatforms) = postSolution
		{D410AC2B-AF8B-4420-99BE-15577F9E635C}.Debug|Any CPU.ActiveCfg = Debug|Any CPU
		{D410AC2B-AF8B-4420-99BE-15577F9E635C}.Debug|Any CPU.Build.0 = Debug|Any CPU
		{D410AC2B-AF8B-4420-99BE-15577F9E635C}.Release|Any CPU.ActiveCfg = Release|Any CPU
		{D410AC2B-AF8B-4420-99BE-15577F9E635C}.Release|Any CPU.Build.0 = Release|Any CPU
	EndGlobalSection
	GlobalSection(SolutionProperties) = preSolution
		HideSolutionNode = FALSE
	EndGlobalSection
	GlobalSection(ExtensibilityGlobals) = postSolution
		SolutionGuid = {84500D7B-DD1D-48FF-A457-CDC1E7D83A07}
	EndGlobalSection
EndGlobal
